# This file is automatically @generated by Cargo.
# It is not intended for manual editing.
version = 3

[[package]]
name = "addr2line"
version = "0.20.0"
source = "registry+https://github.com/rust-lang/crates.io-index"
checksum = "f4fa78e18c64fce05e902adecd7a5eed15a5e0a3439f7b0e169f0252214865e3"
dependencies = [
 "gimli",
]

[[package]]
name = "adler"
version = "1.0.2"
source = "registry+https://github.com/rust-lang/crates.io-index"
checksum = "f26201604c87b1e01bd3d98f8d5d9a8fcbb815e8cedb41ffccbeb4bf593a35fe"

[[package]]
name = "anyhow"
version = "1.0.71"
source = "registry+https://github.com/rust-lang/crates.io-index"
checksum = "9c7d0618f0e0b7e8ff11427422b64564d5fb0be1940354bfe2e0529b18a9d9b8"

[[package]]
name = "autocfg"
version = "1.1.0"
source = "registry+https://github.com/rust-lang/crates.io-index"
checksum = "d468802bab17cbc0cc575e9b053f41e72aa36bfa6b7f55e3529ffa43161b97fa"

[[package]]
name = "backtrace"
version = "0.3.68"
source = "registry+https://github.com/rust-lang/crates.io-index"
checksum = "4319208da049c43661739c5fade2ba182f09d1dc2299b32298d3a31692b17e12"
dependencies = [
 "addr2line",
 "cc",
 "cfg-if",
 "libc",
 "miniz_oxide",
 "object",
 "rustc-demangle",
]

[[package]]
name = "bitflags"
version = "1.3.2"
source = "registry+https://github.com/rust-lang/crates.io-index"
checksum = "bef38d45163c2f1dde094a7dfd33ccf595c92905c8f8f4fdc18d06fb1037718a"

[[package]]
name = "bytes"
version = "1.4.0"
source = "registry+https://github.com/rust-lang/crates.io-index"
checksum = "89b2fd2a0dcf38d7971e2194b6b6eebab45ae01067456a7fd93d5547a61b70be"

[[package]]
name = "cairo-rs"
version = "0.15.12"
source = "registry+https://github.com/rust-lang/crates.io-index"
checksum = "c76ee391b03d35510d9fa917357c7f1855bd9a6659c95a1b392e33f49b3369bc"
dependencies = [
 "bitflags",
 "cairo-sys-rs",
 "glib",
 "libc",
 "thiserror",
]

[[package]]
name = "cairo-sys-rs"
version = "0.15.1"
source = "registry+https://github.com/rust-lang/crates.io-index"
checksum = "3c55d429bef56ac9172d25fecb85dc8068307d17acd74b377866b7a1ef25d3c8"
dependencies = [
 "glib-sys",
 "libc",
 "system-deps",
]

[[package]]
name = "cc"
version = "1.0.79"
source = "registry+https://github.com/rust-lang/crates.io-index"
checksum = "50d30906286121d95be3d479533b458f87493b30a4b5f79a607db8f5d11aa91f"

[[package]]
name = "cfg-expr"
version = "0.15.3"
source = "registry+https://github.com/rust-lang/crates.io-index"
checksum = "215c0072ecc28f92eeb0eea38ba63ddfcb65c2828c46311d646f1a3ff5f9841c"
dependencies = [
 "smallvec",
 "target-lexicon",
]

[[package]]
name = "cfg-if"
version = "1.0.0"
source = "registry+https://github.com/rust-lang/crates.io-index"
checksum = "baf1de4339761588bc0619e3cbc0120ee582ebb74b53b4efbf79117bd2da40fd"

[[package]]
name = "equivalent"
version = "1.0.1"
source = "registry+https://github.com/rust-lang/crates.io-index"
checksum = "5443807d6dff69373d433ab9ef5378ad8df50ca6298caf15de6e52e24aaf54d5"

[[package]]
name = "field-offset"
version = "0.3.6"
source = "registry+https://github.com/rust-lang/crates.io-index"
checksum = "38e2275cc4e4fc009b0669731a1e5ab7ebf11f469eaede2bab9309a5b4d6057f"
dependencies = [
 "memoffset",
 "rustc_version",
]

[[package]]
name = "fragile"
version = "1.2.2"
source = "registry+https://github.com/rust-lang/crates.io-index"
checksum = "b7464c5c4a3f014d9b2ec4073650e5c06596f385060af740fc45ad5a19f959e8"
dependencies = [
 "fragile 2.0.0",
]

[[package]]
name = "fragile"
version = "2.0.0"
source = "registry+https://github.com/rust-lang/crates.io-index"
checksum = "6c2141d6d6c8512188a7891b4b01590a45f6dac67afb4f255c4124dbb86d4eaa"

[[package]]
name = "futures-channel"
version = "0.3.28"
source = "registry+https://github.com/rust-lang/crates.io-index"
checksum = "955518d47e09b25bbebc7a18df10b81f0c766eaf4c4f1cccef2fca5f2a4fb5f2"
dependencies = [
 "futures-core",
]

[[package]]
name = "futures-core"
version = "0.3.28"
source = "registry+https://github.com/rust-lang/crates.io-index"
checksum = "4bca583b7e26f571124fe5b7561d49cb2868d79116cfa0eefce955557c6fee8c"

[[package]]
name = "futures-executor"
version = "0.3.28"
source = "registry+https://github.com/rust-lang/crates.io-index"
checksum = "ccecee823288125bd88b4d7f565c9e58e41858e47ab72e8ea2d64e93624386e0"
dependencies = [
 "futures-core",
 "futures-task",
 "futures-util",
]

[[package]]
name = "futures-io"
version = "0.3.28"
source = "registry+https://github.com/rust-lang/crates.io-index"
checksum = "4fff74096e71ed47f8e023204cfd0aa1289cd54ae5430a9523be060cdb849964"

[[package]]
name = "futures-task"
version = "0.3.28"
source = "registry+https://github.com/rust-lang/crates.io-index"
checksum = "76d3d132be6c0e6aa1534069c705a74a5997a356c0dc2f86a47765e5617c5b65"

[[package]]
name = "futures-util"
version = "0.3.28"
source = "registry+https://github.com/rust-lang/crates.io-index"
checksum = "26b01e40b772d54cf6c6d721c1d1abd0647a0106a12ecaa1c186273392a69533"
dependencies = [
 "futures-core",
 "futures-task",
 "pin-project-lite",
 "pin-utils",
 "slab",
]

[[package]]
name = "gdk-pixbuf"
version = "0.15.11"
source = "registry+https://github.com/rust-lang/crates.io-index"
checksum = "ad38dd9cc8b099cceecdf41375bb6d481b1b5a7cd5cd603e10a69a9383f8619a"
dependencies = [
 "bitflags",
 "gdk-pixbuf-sys",
 "gio",
 "glib",
 "libc",
]

[[package]]
name = "gdk-pixbuf-sys"
version = "0.15.10"
source = "registry+https://github.com/rust-lang/crates.io-index"
checksum = "140b2f5378256527150350a8346dbdb08fadc13453a7a2d73aecd5fab3c402a7"
dependencies = [
 "gio-sys",
 "glib-sys",
 "gobject-sys",
 "libc",
 "system-deps",
]

[[package]]
name = "gdk4"
version = "0.4.8"
source = "registry+https://github.com/rust-lang/crates.io-index"
checksum = "4fabb7cf843c26b085a5d68abb95d0c0bf27a9ae2eeff9c4adb503a1eb580876"
dependencies = [
 "bitflags",
 "cairo-rs",
 "gdk-pixbuf",
 "gdk4-sys",
 "gio",
 "glib",
 "libc",
 "pango",
]

[[package]]
name = "gdk4-sys"
version = "0.4.8"
source = "registry+https://github.com/rust-lang/crates.io-index"
checksum = "efe7dcb44f5c00aeabff3f69abfc5673de46559070f89bd3fbb7b66485d9cef2"
dependencies = [
 "cairo-sys-rs",
 "gdk-pixbuf-sys",
 "gio-sys",
 "glib-sys",
 "gobject-sys",
 "libc",
 "pango-sys",
 "pkg-config",
 "system-deps",
]

[[package]]
name = "gimli"
version = "0.27.3"
source = "registry+https://github.com/rust-lang/crates.io-index"
checksum = "b6c80984affa11d98d1b88b66ac8853f143217b399d3c74116778ff8fdb4ed2e"

[[package]]
name = "gio"
version = "0.15.12"
source = "registry+https://github.com/rust-lang/crates.io-index"
checksum = "68fdbc90312d462781a395f7a16d96a2b379bb6ef8cd6310a2df272771c4283b"
dependencies = [
 "bitflags",
 "futures-channel",
 "futures-core",
 "futures-io",
 "gio-sys",
 "glib",
 "libc",
 "once_cell",
 "thiserror",
]

[[package]]
name = "gio-sys"
version = "0.15.10"
source = "registry+https://github.com/rust-lang/crates.io-index"
checksum = "32157a475271e2c4a023382e9cab31c4584ee30a97da41d3c4e9fdd605abcf8d"
dependencies = [
 "glib-sys",
 "gobject-sys",
 "libc",
 "system-deps",
 "winapi",
]

[[package]]
name = "glib"
version = "0.15.12"
source = "registry+https://github.com/rust-lang/crates.io-index"
checksum = "edb0306fbad0ab5428b0ca674a23893db909a98582969c9b537be4ced78c505d"
dependencies = [
 "bitflags",
 "futures-channel",
 "futures-core",
 "futures-executor",
 "futures-task",
 "glib-macros",
 "glib-sys",
 "gobject-sys",
 "libc",
 "once_cell",
 "smallvec",
 "thiserror",
]

[[package]]
name = "glib-macros"
version = "0.15.13"
source = "registry+https://github.com/rust-lang/crates.io-index"
checksum = "10c6ae9f6fa26f4fb2ac16b528d138d971ead56141de489f8111e259b9df3c4a"
dependencies = [
 "anyhow",
 "heck",
 "proc-macro-crate",
 "proc-macro-error",
 "proc-macro2",
 "quote",
 "syn 1.0.109",
]

[[package]]
name = "glib-sys"
version = "0.15.10"
source = "registry+https://github.com/rust-lang/crates.io-index"
checksum = "ef4b192f8e65e9cf76cbf4ea71fa8e3be4a0e18ffe3d68b8da6836974cc5bad4"
dependencies = [
 "libc",
 "system-deps",
]

[[package]]
name = "gobject-sys"
version = "0.15.10"
source = "registry+https://github.com/rust-lang/crates.io-index"
checksum = "0d57ce44246becd17153bd035ab4d32cfee096a657fc01f2231c9278378d1e0a"
dependencies = [
 "glib-sys",
 "libc",
 "system-deps",
]

[[package]]
name = "graphene-rs"
version = "0.15.1"
source = "registry+https://github.com/rust-lang/crates.io-index"
checksum = "7c54f9fbbeefdb62c99f892dfca35f83991e2cb5b46a8dc2a715e58612f85570"
dependencies = [
 "glib",
 "graphene-sys",
 "libc",
]

[[package]]
name = "graphene-sys"
version = "0.15.10"
source = "registry+https://github.com/rust-lang/crates.io-index"
checksum = "fa691fc7337ba1df599afb55c3bcb85c04f1b3f17362570e9bb0ff0d1bc3028a"
dependencies = [
 "glib-sys",
 "libc",
 "pkg-config",
 "system-deps",
]

[[package]]
name = "gsk4"
version = "0.4.8"
source = "registry+https://github.com/rust-lang/crates.io-index"
checksum = "05e9020d333280b3aa38d496495bfa9b50712eebf1ad63f0ec5bcddb5eb61be4"
dependencies = [
 "bitflags",
 "cairo-rs",
 "gdk4",
 "glib",
 "graphene-rs",
 "gsk4-sys",
 "libc",
 "pango",
]

[[package]]
name = "gsk4-sys"
version = "0.4.8"
source = "registry+https://github.com/rust-lang/crates.io-index"
checksum = "7add39ccf60078508c838643a2dcc91f045c46ed63b5ea6ab701b2e25bda3fea"
dependencies = [
 "cairo-sys-rs",
 "gdk4-sys",
 "glib-sys",
 "gobject-sys",
 "graphene-sys",
 "libc",
 "pango-sys",
 "system-deps",
]

[[package]]
name = "gtk4"
version = "0.4.9"
source = "registry+https://github.com/rust-lang/crates.io-index"
checksum = "4e8ae5aef2793bc3551b5e5e3fa062a5de54bb1eccf10dfa4effe9e4384fbbbc"
dependencies = [
 "bitflags",
 "cairo-rs",
 "field-offset",
 "futures-channel",
 "gdk-pixbuf",
 "gdk4",
 "gio",
 "glib",
 "graphene-rs",
 "gsk4",
 "gtk4-macros",
 "gtk4-sys",
 "libc",
 "once_cell",
 "pango",
]

[[package]]
name = "gtk4-macros"
version = "0.4.10"
source = "registry+https://github.com/rust-lang/crates.io-index"
checksum = "6aba0b544e91a753068e279e99d34e9624b8cfd26282167024c8a5773b8a826c"
dependencies = [
 "anyhow",
 "proc-macro-crate",
 "proc-macro-error",
 "proc-macro2",
 "quick-xml",
 "quote",
 "syn 1.0.109",
]

[[package]]
name = "gtk4-sys"
version = "0.4.8"
source = "registry+https://github.com/rust-lang/crates.io-index"
checksum = "5bc8006eea634b7c72da3ff79e24606e45f21b3b832a3c5a1f543f5f97eb0f63"
dependencies = [
 "cairo-sys-rs",
 "gdk-pixbuf-sys",
 "gdk4-sys",
 "gio-sys",
 "glib-sys",
 "gobject-sys",
 "graphene-sys",
 "gsk4-sys",
 "libc",
 "pango-sys",
 "system-deps",
]

[[package]]
name = "hashbrown"
version = "0.14.0"
source = "registry+https://github.com/rust-lang/crates.io-index"
checksum = "2c6201b9ff9fd90a5a3bac2e56a830d0caa509576f0e503818ee82c181b3437a"

[[package]]
name = "heck"
version = "0.4.1"
source = "registry+https://github.com/rust-lang/crates.io-index"
checksum = "95505c38b4572b2d910cecb0281560f54b440a19336cbbcb27bf6ce6adc6f5a8"

[[package]]
name = "hermit-abi"
version = "0.3.2"
source = "registry+https://github.com/rust-lang/crates.io-index"
checksum = "443144c8cdadd93ebf52ddb4056d257f5b52c04d3c804e657d19eb73fc33668b"

[[package]]
name = "indexmap"
version = "2.0.0"
source = "registry+https://github.com/rust-lang/crates.io-index"
checksum = "d5477fe2230a79769d8dc68e0eabf5437907c0457a5614a9e8dddb67f65eb65d"
dependencies = [
 "equivalent",
 "hashbrown",
]

[[package]]
name = "itoa"
version = "1.0.8"
source = "registry+https://github.com/rust-lang/crates.io-index"
checksum = "62b02a5381cc465bd3041d84623d0fa3b66738b52b8e2fc3bab8ad63ab032f4a"

[[package]]
name = "libadwaita"
version = "0.1.1"
source = "registry+https://github.com/rust-lang/crates.io-index"
checksum = "f2ae453d28e3b91f03749f02b1531e8cfe315a1d0762b77a61797d2ab80bb87d"
dependencies = [
 "gdk-pixbuf",
 "gdk4",
 "gio",
 "glib",
 "gtk4",
 "libadwaita-sys",
 "libc",
 "once_cell",
 "pango",
]

[[package]]
name = "libadwaita-sys"
version = "0.1.0"
source = "registry+https://github.com/rust-lang/crates.io-index"
checksum = "f18b6ac4cadd252a89f5cba0a5a4e99836131795d6fad37b859ac79e8cb7d2c8"
dependencies = [
 "gdk4-sys",
 "gio-sys",
 "glib-sys",
 "gobject-sys",
 "gtk4-sys",
 "libc",
 "system-deps",
]

[[package]]
name = "libc"
version = "0.2.147"
source = "registry+https://github.com/rust-lang/crates.io-index"
checksum = "b4668fb0ea861c1df094127ac5f1da3409a82116a4ba74fca2e58ef927159bb3"

[[package]]
name = "lock_api"
version = "0.4.10"
source = "registry+https://github.com/rust-lang/crates.io-index"
checksum = "c1cc9717a20b1bb222f333e6a92fd32f7d8a18ddc5a3191a11af45dcbf4dcd16"
dependencies = [
 "autocfg",
 "scopeguard",
]

[[package]]
name = "log"
version = "0.4.19"
source = "registry+https://github.com/rust-lang/crates.io-index"
checksum = "b06a4cde4c0f271a446782e3eff8de789548ce57dbc8eca9292c27f4a42004b4"

[[package]]
name = "memchr"
version = "2.5.0"
source = "registry+https://github.com/rust-lang/crates.io-index"
checksum = "2dffe52ecf27772e601905b7522cb4ef790d2cc203488bbd0e2fe85fcb74566d"

[[package]]
name = "memoffset"
version = "0.9.0"
source = "registry+https://github.com/rust-lang/crates.io-index"
checksum = "5a634b1c61a95585bd15607c6ab0c4e5b226e695ff2800ba0cdccddf208c406c"
dependencies = [
 "autocfg",
]

[[package]]
name = "miniz_oxide"
version = "0.7.1"
source = "registry+https://github.com/rust-lang/crates.io-index"
checksum = "e7810e0be55b428ada41041c41f32c9f1a42817901b4ccf45fa3d4b6561e74c7"
dependencies = [
 "adler",
]

[[package]]
name = "mio"
version = "0.8.8"
source = "registry+https://github.com/rust-lang/crates.io-index"
checksum = "927a765cd3fc26206e66b296465fa9d3e5ab003e651c1b3c060e7956d96b19d2"
dependencies = [
 "libc",
 "wasi",
 "windows-sys",
]

[[package]]
name = "num_cpus"
version = "1.16.0"
source = "registry+https://github.com/rust-lang/crates.io-index"
checksum = "4161fcb6d602d4d2081af7c3a45852d875a03dd337a6bfdd6e06407b61342a43"
dependencies = [
 "hermit-abi",
 "libc",
]

[[package]]
name = "object"
version = "0.31.1"
source = "registry+https://github.com/rust-lang/crates.io-index"
checksum = "8bda667d9f2b5051b8833f59f3bf748b28ef54f850f4fcb389a252aa383866d1"
dependencies = [
 "memchr",
]

[[package]]
name = "once_cell"
version = "1.18.0"
source = "registry+https://github.com/rust-lang/crates.io-index"
checksum = "dd8b5dd2ae5ed71462c540258bedcb51965123ad7e7ccf4b9a8cafaa4a63576d"

[[package]]
name = "pango"
version = "0.15.10"
source = "registry+https://github.com/rust-lang/crates.io-index"
checksum = "22e4045548659aee5313bde6c582b0d83a627b7904dd20dc2d9ef0895d414e4f"
dependencies = [
 "bitflags",
 "glib",
 "libc",
 "once_cell",
 "pango-sys",
]

[[package]]
name = "pango-sys"
version = "0.15.10"
source = "registry+https://github.com/rust-lang/crates.io-index"
checksum = "d2a00081cde4661982ed91d80ef437c20eacaf6aa1a5962c0279ae194662c3aa"
dependencies = [
 "glib-sys",
 "gobject-sys",
 "libc",
 "system-deps",
]

[[package]]
name = "parking_lot"
version = "0.12.1"
source = "registry+https://github.com/rust-lang/crates.io-index"
checksum = "3742b2c103b9f06bc9fff0a37ff4912935851bee6d36f3c02bcc755bcfec228f"
dependencies = [
 "lock_api",
 "parking_lot_core",
]

[[package]]
name = "parking_lot_core"
version = "0.9.8"
source = "registry+https://github.com/rust-lang/crates.io-index"
checksum = "93f00c865fe7cabf650081affecd3871070f26767e7b2070a3ffae14c654b447"
dependencies = [
 "cfg-if",
 "libc",
 "redox_syscall",
 "smallvec",
 "windows-targets",
]

[[package]]
name = "pin-project-lite"
version = "0.2.10"
source = "registry+https://github.com/rust-lang/crates.io-index"
checksum = "4c40d25201921e5ff0c862a505c6557ea88568a4e3ace775ab55e93f2f4f9d57"

[[package]]
name = "pin-utils"
version = "0.1.0"
source = "registry+https://github.com/rust-lang/crates.io-index"
checksum = "8b870d8c151b6f2fb93e84a13146138f05d02ed11c7e7c54f8826aaaf7c9f184"

[[package]]
name = "pkg-config"
version = "0.3.27"
source = "registry+https://github.com/rust-lang/crates.io-index"
checksum = "26072860ba924cbfa98ea39c8c19b4dd6a4a25423dbdf219c1eca91aa0cf6964"

[[package]]
name = "proc-macro-crate"
version = "1.3.1"
source = "registry+https://github.com/rust-lang/crates.io-index"
checksum = "7f4c021e1093a56626774e81216a4ce732a735e5bad4868a03f3ed65ca0c3919"
dependencies = [
 "once_cell",
 "toml_edit",
]

[[package]]
name = "proc-macro-error"
version = "1.0.4"
source = "registry+https://github.com/rust-lang/crates.io-index"
checksum = "da25490ff9892aab3fcf7c36f08cfb902dd3e71ca0f9f9517bea02a73a5ce38c"
dependencies = [
 "proc-macro-error-attr",
 "proc-macro2",
 "quote",
 "syn 1.0.109",
 "version_check",
]

[[package]]
name = "proc-macro-error-attr"
version = "1.0.4"
source = "registry+https://github.com/rust-lang/crates.io-index"
checksum = "a1be40180e52ecc98ad80b184934baf3d0d29f979574e439af5a55274b35f869"
dependencies = [
 "proc-macro2",
 "quote",
 "version_check",
]

[[package]]
name = "proc-macro2"
version = "1.0.64"
source = "registry+https://github.com/rust-lang/crates.io-index"
checksum = "78803b62cbf1f46fde80d7c0e803111524b9877184cfe7c3033659490ac7a7da"
dependencies = [
 "unicode-ident",
]

[[package]]
name = "quick-xml"
version = "0.22.0"
source = "registry+https://github.com/rust-lang/crates.io-index"
checksum = "8533f14c8382aaad0d592c812ac3b826162128b65662331e1127b45c3d18536b"
dependencies = [
 "memchr",
]

[[package]]
name = "quote"
version = "1.0.29"
source = "registry+https://github.com/rust-lang/crates.io-index"
checksum = "573015e8ab27661678357f27dc26460738fd2b6c86e46f386fde94cb5d913105"
dependencies = [
 "proc-macro2",
]

[[package]]
name = "redox_syscall"
version = "0.3.5"
source = "registry+https://github.com/rust-lang/crates.io-index"
checksum = "567664f262709473930a4bf9e51bf2ebf3348f2e748ccc50dea20646858f8f29"
dependencies = [
 "bitflags",
]

[[package]]
name = "relm4"
version = "0.4.4"
source = "registry+https://github.com/rust-lang/crates.io-index"
checksum = "6e737555426b35a18e9f6fa8d291ce858d358504d441d1e0a7b06ce6c905cc63"
dependencies = [
 "fragile 1.2.2",
 "futures-core",
 "gtk4",
 "libadwaita",
 "log",
 "once_cell",
 "relm4-macros",
]

[[package]]
name = "relm4-macros"
version = "0.4.4"
source = "registry+https://github.com/rust-lang/crates.io-index"
checksum = "7136d9b9b97dc87198c619587de7bd61aca5ec4bec58a7167404c1edf750a490"
dependencies = [
 "proc-macro2",
 "quote",
 "syn 1.0.109",
]

[[package]]
name = "rustc-demangle"
version = "0.1.23"
source = "registry+https://github.com/rust-lang/crates.io-index"
checksum = "d626bb9dae77e28219937af045c257c28bfd3f69333c512553507f5f9798cb76"

[[package]]
name = "rustc_version"
version = "0.4.0"
source = "registry+https://github.com/rust-lang/crates.io-index"
checksum = "bfa0f585226d2e68097d4f95d113b15b83a82e819ab25717ec0590d9584ef366"
dependencies = [
 "semver",
]

[[package]]
name = "ryu"
version = "1.0.14"
source = "registry+https://github.com/rust-lang/crates.io-index"
checksum = "fe232bdf6be8c8de797b22184ee71118d63780ea42ac85b61d1baa6d3b782ae9"

[[package]]
name = "scopeguard"
version = "1.1.0"
source = "registry+https://github.com/rust-lang/crates.io-index"
checksum = "d29ab0c6d3fc0ee92fe66e2d99f700eab17a8d57d1c1d3b748380fb20baa78cd"

[[package]]
name = "semver"
version = "1.0.17"
source = "registry+https://github.com/rust-lang/crates.io-index"
checksum = "bebd363326d05ec3e2f532ab7660680f3b02130d780c299bca73469d521bc0ed"

[[package]]
name = "serde"
version = "1.0.171"
source = "registry+https://github.com/rust-lang/crates.io-index"
checksum = "30e27d1e4fd7659406c492fd6cfaf2066ba8773de45ca75e855590f856dc34a9"
dependencies = [
 "serde_derive",
]

[[package]]
name = "serde_derive"
version = "1.0.171"
source = "registry+https://github.com/rust-lang/crates.io-index"
checksum = "389894603bd18c46fa56231694f8d827779c0951a667087194cf9de94ed24682"
dependencies = [
 "proc-macro2",
 "quote",
 "syn 2.0.26",
]

[[package]]
name = "serde_json"
version = "1.0.102"
source = "registry+https://github.com/rust-lang/crates.io-index"
checksum = "b5062a995d481b2308b6064e9af76011f2921c35f97b0468811ed9f6cd91dfed"
dependencies = [
 "itoa",
 "ryu",
 "serde",
]

[[package]]
name = "serde_spanned"
version = "0.6.3"
source = "registry+https://github.com/rust-lang/crates.io-index"
checksum = "96426c9936fd7a0124915f9185ea1d20aa9445cc9821142f0a73bc9207a2e186"
dependencies = [
 "serde",
]

[[package]]
name = "signal-hook-registry"
version = "1.4.1"
source = "registry+https://github.com/rust-lang/crates.io-index"
checksum = "d8229b473baa5980ac72ef434c4415e70c4b5e71b423043adb4ba059f89c99a1"
dependencies = [
 "libc",
]

[[package]]
name = "slab"
version = "0.4.8"
source = "registry+https://github.com/rust-lang/crates.io-index"
checksum = "6528351c9bc8ab22353f9d776db39a20288e8d6c37ef8cfe3317cf875eecfc2d"
dependencies = [
 "autocfg",
]

[[package]]
name = "smallvec"
version = "1.11.0"
source = "registry+https://github.com/rust-lang/crates.io-index"
checksum = "62bb4feee49fdd9f707ef802e22365a35de4b7b299de4763d44bfea899442ff9"

[[package]]
name = "socket2"
version = "0.4.9"
source = "registry+https://github.com/rust-lang/crates.io-index"
checksum = "64a4a911eed85daf18834cfaa86a79b7d266ff93ff5ba14005426219480ed662"
dependencies = [
 "libc",
 "winapi",
]

[[package]]
name = "syn"
version = "1.0.109"
source = "registry+https://github.com/rust-lang/crates.io-index"
checksum = "72b64191b275b66ffe2469e8af2c1cfe3bafa67b529ead792a6d0160888b4237"
dependencies = [
 "proc-macro2",
 "quote",
 "unicode-ident",
]

[[package]]
name = "syn"
version = "2.0.26"
source = "registry+https://github.com/rust-lang/crates.io-index"
checksum = "45c3457aacde3c65315de5031ec191ce46604304d2446e803d71ade03308d970"
dependencies = [
 "proc-macro2",
 "quote",
 "unicode-ident",
]

[[package]]
name = "system-deps"
version = "6.1.1"
source = "registry+https://github.com/rust-lang/crates.io-index"
checksum = "30c2de8a4d8f4b823d634affc9cd2a74ec98c53a756f317e529a48046cbf71f3"
dependencies = [
 "cfg-expr",
 "heck",
 "pkg-config",
 "toml",
 "version-compare",
]

[[package]]
name = "target-lexicon"
version = "0.12.9"
source = "registry+https://github.com/rust-lang/crates.io-index"
checksum = "df8e77cb757a61f51b947ec4a7e3646efd825b73561db1c232a8ccb639e611a0"

[[package]]
name = "thiserror"
version = "1.0.43"
source = "registry+https://github.com/rust-lang/crates.io-index"
checksum = "a35fc5b8971143ca348fa6df4f024d4d55264f3468c71ad1c2f365b0a4d58c42"
dependencies = [
 "thiserror-impl",
]

[[package]]
name = "thiserror-impl"
version = "1.0.43"
source = "registry+https://github.com/rust-lang/crates.io-index"
checksum = "463fe12d7993d3b327787537ce8dd4dfa058de32fc2b195ef3cde03dc4771e8f"
dependencies = [
 "proc-macro2",
 "quote",
 "syn 2.0.26",
]

[[package]]
name = "tokio"
version = "1.29.1"
source = "registry+https://github.com/rust-lang/crates.io-index"
checksum = "532826ff75199d5833b9d2c5fe410f29235e25704ee5f0ef599fb51c21f4a4da"
dependencies = [
 "autocfg",
 "backtrace",
 "bytes",
 "libc",
 "mio",
 "num_cpus",
 "parking_lot",
 "pin-project-lite",
 "signal-hook-registry",
 "socket2",
 "tokio-macros",
 "windows-sys",
]

[[package]]
name = "tokio-macros"
version = "2.1.0"
source = "registry+https://github.com/rust-lang/crates.io-index"
checksum = "630bdcf245f78637c13ec01ffae6187cca34625e8c63150d424b59e55af2675e"
dependencies = [
 "proc-macro2",
 "quote",
 "syn 2.0.26",
]

[[package]]
name = "toml"
version = "0.7.6"
source = "registry+https://github.com/rust-lang/crates.io-index"
checksum = "c17e963a819c331dcacd7ab957d80bc2b9a9c1e71c804826d2f283dd65306542"
dependencies = [
 "serde",
 "serde_spanned",
 "toml_datetime",
 "toml_edit",
]

[[package]]
name = "toml_datetime"
version = "0.6.3"
source = "registry+https://github.com/rust-lang/crates.io-index"
checksum = "7cda73e2f1397b1262d6dfdcef8aafae14d1de7748d66822d3bfeeb6d03e5e4b"
dependencies = [
 "serde",
]

[[package]]
name = "toml_edit"
version = "0.19.14"
source = "registry+https://github.com/rust-lang/crates.io-index"
checksum = "f8123f27e969974a3dfba720fdb560be359f57b44302d280ba72e76a74480e8a"
dependencies = [
 "indexmap",
 "serde",
 "serde_spanned",
 "toml_datetime",
 "winnow",
]

[[package]]
name = "toolbxtuner"
version = "0.0.1"
dependencies = [
 "relm4",
 "serde",
 "serde_json",
 "tokio",
]

[[package]]
name = "unicode-ident"
version = "1.0.11"
source = "registry+https://github.com/rust-lang/crates.io-index"
checksum = "301abaae475aa91687eb82514b328ab47a211a533026cb25fc3e519b86adfc3c"

[[package]]
name = "version-compare"
version = "0.1.1"
source = "registry+https://github.com/rust-lang/crates.io-index"
checksum = "579a42fc0b8e0c63b76519a339be31bed574929511fa53c1a3acae26eb258f29"

[[package]]
name = "version_check"
version = "0.9.4"
source = "registry+https://github.com/rust-lang/crates.io-index"
checksum = "49874b5167b65d7193b8aba1567f5c7d93d001cafc34600cee003eda787e483f"

[[package]]
name = "wasi"
version = "0.11.0+wasi-snapshot-preview1"
source = "registry+https://github.com/rust-lang/crates.io-index"
checksum = "9c8d87e72b64a3b4db28d11ce29237c246188f4f51057d65a7eab63b7987e423"

[[package]]
name = "winapi"
version = "0.3.9"
source = "registry+https://github.com/rust-lang/crates.io-index"
checksum = "5c839a674fcd7a98952e593242ea400abe93992746761e38641405d28b00f419"
dependencies = [
 "winapi-i686-pc-windows-gnu",
 "winapi-x86_64-pc-windows-gnu",
]

[[package]]
name = "winapi-i686-pc-windows-gnu"
version = "0.4.0"
source = "registry+https://github.com/rust-lang/crates.io-index"
checksum = "ac3b87c63620426dd9b991e5ce0329eff545bccbbb34f3be09ff6fb6ab51b7b6"

[[package]]
name = "winapi-x86_64-pc-windows-gnu"
version = "0.4.0"
source = "registry+https://github.com/rust-lang/crates.io-index"
checksum = "712e227841d057c1ee1cd2fb22fa7e5a5461ae8e48fa2ca79ec42cfc1931183f"

[[package]]
name = "windows-sys"
version = "0.48.0"
source = "registry+https://github.com/rust-lang/crates.io-index"
checksum = "677d2418bec65e3338edb076e806bc1ec15693c5d0104683f2efe857f61056a9"
dependencies = [
 "windows-targets",
]

[[package]]
name = "windows-targets"
version = "0.48.1"
source = "registry+https://github.com/rust-lang/crates.io-index"
checksum = "05d4b17490f70499f20b9e791dcf6a299785ce8af4d709018206dc5b4953e95f"
dependencies = [
 "windows_aarch64_gnullvm",
 "windows_aarch64_msvc",
 "windows_i686_gnu",
 "windows_i686_msvc",
 "windows_x86_64_gnu",
 "windows_x86_64_gnullvm",
 "windows_x86_64_msvc",
]

[[package]]
name = "windows_aarch64_gnullvm"
version = "0.48.0"
source = "registry+https://github.com/rust-lang/crates.io-index"
checksum = "91ae572e1b79dba883e0d315474df7305d12f569b400fcf90581b06062f7e1bc"

[[package]]
name = "windows_aarch64_msvc"
version = "0.48.0"
source = "registry+https://github.com/rust-lang/crates.io-index"
checksum = "b2ef27e0d7bdfcfc7b868b317c1d32c641a6fe4629c171b8928c7b08d98d7cf3"

[[package]]
name = "windows_i686_gnu"
version = "0.48.0"
source = "registry+https://github.com/rust-lang/crates.io-index"
checksum = "622a1962a7db830d6fd0a69683c80a18fda201879f0f447f065a3b7467daa241"

[[package]]
name = "windows_i686_msvc"
version = "0.48.0"
source = "registry+https://github.com/rust-lang/crates.io-index"
checksum = "4542c6e364ce21bf45d69fdd2a8e455fa38d316158cfd43b3ac1c5b1b19f8e00"

[[package]]
name = "windows_x86_64_gnu"
version = "0.48.0"
source = "registry+https://github.com/rust-lang/crates.io-index"
checksum = "ca2b8a661f7628cbd23440e50b05d705db3686f894fc9580820623656af974b1"

[[package]]
name = "windows_x86_64_gnullvm"
version = "0.48.0"
source = "registry+https://github.com/rust-lang/crates.io-index"
checksum = "7896dbc1f41e08872e9d5e8f8baa8fdd2677f29468c4e156210174edc7f7b953"

[[package]]
name = "windows_x86_64_msvc"
version = "0.48.0"
source = "registry+https://github.com/rust-lang/crates.io-index"
checksum = "1a515f5799fe4961cb532f983ce2b23082366b898e52ffbce459c86f67c8378a"

[[package]]
name = "winnow"
version = "0.5.0"
source = "registry+https://github.com/rust-lang/crates.io-index"
checksum = "81fac9742fd1ad1bd9643b991319f72dd031016d44b77039a26977eb667141e7"
dependencies = [
 "memchr",
]
